
Microsoft Visual Studio Solution File, Format Version 12.00
# Visual Studio Version 17
VisualStudioVersion = 17.7.34221.43
MinimumVisualStudioVersion = 10.0.40219.1
Project("{9A19103F-16F7-4668-BE54-9A1E7A4F7556}") = "DAT", "DAT\DAT.csproj", "{6E905C0B-821E-493E-9E84-E0D35552DB8D}"
EndProject
Project("{FAE04EC0-301F-11D3-BF4B-00C04F79EFBC}") = "Domain", "Domain\Domain.csproj", "{4107E394-7336-4290-8435-73E53128A6DE}"
EndProject
Project("{FAE04EC0-301F-11D3-BF4B-00C04F79EFBC}") = "Infrastructure", "Infrastructure\Infrastructure.csproj", "{742F49B3-45D6-4027-88EE-7ABAE818C700}"
EndProject
Project("{FAE04EC0-301F-11D3-BF4B-00C04F79EFBC}") = "DAT_Context", "DAT_Context\DAT_Context.csproj", "{FEE9D314-B7CD-4B76-AE89-954DE67FEAAB}"
EndProject
Global
	GlobalSection(SolutionConfigurationPlatforms) = preSolution
		Debug|Any CPU = Debug|Any CPU
		Release|Any CPU = Release|Any CPU
	EndGlobalSection
	GlobalSection(ProjectConfigurationPlatforms) = postSolution
		{6E905C0B-821E-493E-9E84-E0D35552DB8D}.Debug|Any CPU.ActiveCfg = Debug|Any CPU
		{6E905C0B-821E-493E-9E84-E0D35552DB8D}.Debug|Any CPU.Build.0 = Debug|Any CPU
		{6E905C0B-821E-493E-9E84-E0D35552DB8D}.Release|Any CPU.ActiveCfg = Release|Any CPU
		{6E905C0B-821E-493E-9E84-E0D35552DB8D}.Release|Any CPU.Build.0 = Release|Any CPU
		{4107E394-7336-4290-8435-73E53128A6DE}.Debug|Any CPU.ActiveCfg = Debug|Any CPU
		{4107E394-7336-4290-8435-73E53128A6DE}.Debug|Any CPU.Build.0 = Debug|Any CPU
		{4107E394-7336-4290-8435-73E53128A6DE}.Release|Any CPU.ActiveCfg = Release|Any CPU
		{4107E394-7336-4290-8435-73E53128A6DE}.Release|Any CPU.Build.0 = Release|Any CPU
		{742F49B3-45D6-4027-88EE-7ABAE818C700}.Debug|Any CPU.ActiveCfg = Debug|Any CPU
		{742F49B3-45D6-4027-88EE-7ABAE818C700}.Debug|Any CPU.Build.0 = Debug|Any CPU
		{742F49B3-45D6-4027-88EE-7ABAE818C700}.Release|Any CPU.ActiveCfg = Release|Any CPU
		{742F49B3-45D6-4027-88EE-7ABAE818C700}.Release|Any CPU.Build.0 = Release|Any CPU
		{FEE9D314-B7CD-4B76-AE89-954DE67FEAAB}.Debug|Any CPU.ActiveCfg = Debug|Any CPU
		{FEE9D314-B7CD-4B76-AE89-954DE67FEAAB}.Debug|Any CPU.Build.0 = Debug|Any CPU
		{FEE9D314-B7CD-4B76-AE89-954DE67FEAAB}.Release|Any CPU.ActiveCfg = Release|Any CPU
		{FEE9D314-B7CD-4B76-AE89-954DE67FEAAB}.Release|Any CPU.Build.0 = Release|Any CPU
	EndGlobalSection
	GlobalSection(SolutionProperties) = preSolution
		HideSolutionNode = FALSE
	EndGlobalSection
	GlobalSection(ExtensibilityGlobals) = postSolution
		SolutionGuid = {47986537-F6F0-4D8D-9051-496836B531D2}
	EndGlobalSection
EndGlobal
